
Microsoft Visual Studio Solution File, Format Version 12.00
# Visual Studio Version 17
VisualStudioVersion = 17.0.32014.148
MinimumVisualStudioVersion = 10.0.40219.1
Project("{FAE04EC0-301F-11D3-BF4B-00C04F79EFBC}") = "CoronaApi", "CoronaApi\CoronaApi.csproj", "{D9FBF4CE-6659-4908-89E2-8A19FB6F6FD7}"
EndProject
Global
	GlobalSection(SolutionConfigurationPlatforms) = preSolution
		Debug|Any CPU = Debug|Any CPU
		Release|Any CPU = Release|Any CPU
	EndGlobalSection
	GlobalSection(ProjectConfigurationPlatforms) = postSolution
		{D9FBF4CE-6659-4908-89E2-8A19FB6F6FD7}.Debug|Any CPU.ActiveCfg = Debug|Any CPU
		{D9FBF4CE-6659-4908-89E2-8A19FB6F6FD7}.Debug|Any CPU.Build.0 = Debug|Any CPU
		{D9FBF4CE-6659-4908-89E2-8A19FB6F6FD7}.Release|Any CPU.ActiveCfg = Release|Any CPU
		{D9FBF4CE-6659-4908-89E2-8A19FB6F6FD7}.Release|Any CPU.Build.0 = Release|Any CPU
	EndGlobalSection
	GlobalSection(SolutionProperties) = preSolution
		HideSolutionNode = FALSE
	EndGlobalSection
	GlobalSection(ExtensibilityGlobals) = postSolution
		SolutionGuid = {82762E7F-E8EF-4D53-A6C9-40785EE98FFA}
	EndGlobalSection
EndGlobal
